// !$*UTF8*$!
{
	archiveVersion = 1;
	classes = {
	};
	objectVersion = 51;
	objects = {

/* Begin PBXBuildFile section */
		0E25F38C269B393400C0C218 /* AppDelegate.m in Sources */ = {isa = PBXBuildFile; fileRef = 0E25F38B269B393400C0C218 /* AppDelegate.m */; };
		0E25F38F269B393400C0C218 /* SceneDelegate.m in Sources */ = {isa = PBXBuildFile; fileRef = 0E25F38E269B393400C0C218 /* SceneDelegate.m */; };
		0E25F392269B393400C0C218 /* ViewController.m in Sources */ = {isa = PBXBuildFile; fileRef = 0E25F391269B393400C0C218 /* ViewController.m */; };
		0E25F395269B393400C0C218 /* Main.storyboard in Resources */ = {isa = PBXBuildFile; fileRef = 0E25F393269B393400C0C218 /* Main.storyboard */; };
		0E25F397269B393700C0C218 /* Assets.xcassets in Resources */ = {isa = PBXBuildFile; fileRef = 0E25F396269B393700C0C218 /* Assets.xcassets */; };
		0E25F39A269B393700C0C218 /* LaunchScreen.storyboard in Resources */ = {isa = PBXBuildFile; fileRef = 0E25F398269B393700C0C218 /* LaunchScreen.storyboard */; };
		0E25F39D269B393700C0C218 /* main.m in Sources */ = {isa = PBXBuildFile; fileRef = 0E25F39C269B393700C0C218 /* main.m */; };
		0E25F3A7269B393700C0C218 /* HybirdDemoTests.m in Sources */ = {isa = PBXBuildFile; fileRef = 0E25F3A6269B393700C0C218 /* HybirdDemoTests.m */; };
		0E25F3B2269B393700C0C218 /* HybirdDemoUITests.m in Sources */ = {isa = PBXBuildFile; fileRef = 0E25F3B1269B393700C0C218 /* HybirdDemoUITests.m */; };
		A8302EF7269EFC6A002295B8 /* BoostDelegate.m in Sources */ = {isa = PBXBuildFile; fileRef = A8302EF6269EFC6A002295B8 /* BoostDelegate.m */; };
		C281A332C58ED0EE8D806B5A /* libPods-HybirdDemo.a in Frameworks */ = {isa = PBXBuildFile; fileRef = 828472C19C6EAB801917B7AF /* libPods-HybirdDemo.a */; };
/* End PBXBuildFile section */

/* Begin PBXContainerItemProxy section */
		0E25F3A3269B393700C0C218 /* PBXContainerItemProxy */ = {
			isa = PBXContainerItemProxy;
			containerPortal = 0E25F37F269B393400C0C218 /* Project object */;
			proxyType = 1;
			remoteGlobalIDString = 0E25F386269B393400C0C218;
			remoteInfo = HybirdDemo;
		};
		0E25F3AE269B393700C0C218 /* PBXContainerItemProxy */ = {
			isa = PBXContainerItemProxy;
			containerPortal = 0E25F37F269B393400C0C218 /* Project object */;
			proxyType = 1;
			remoteGlobalIDString = 0E25F386269B393400C0C218;
			remoteInfo = HybirdDemo;
		};
/* End PBXContainerItemProxy section */

/* Begin PBXFileReference section */
		0E25F387269B393400C0C218 /* HybirdDemo.app */ = {isa = PBXFileReference; explicitFileType = wrapper.application; includeInIndex = 0; path = HybirdDemo.app; sourceTree = BUILT_PRODUCTS_DIR; };
		0E25F38A269B393400C0C218 /* AppDelegate.h */ = {isa = PBXFileReference; lastKnownFileType = sourcecode.c.h; path = AppDelegate.h; sourceTree = "<group>"; };
		0E25F38B269B393400C0C218 /* AppDelegate.m */ = {isa = PBXFileReference; lastKnownFileType = sourcecode.c.objc; path = AppDelegate.m; sourceTree = "<group>"; };
		0E25F38D269B393400C0C218 /* SceneDelegate.h */ = {isa = PBXFileReference; lastKnownFileType = sourcecode.c.h; path = SceneDelegate.h; sourceTree = "<group>"; };
		0E25F38E269B393400C0C218 /* SceneDelegate.m */ = {isa = PBXFileReference; lastKnownFileType = sourcecode.c.objc; path = SceneDelegate.m; sourceTree = "<group>"; };
		0E25F390269B393400C0C218 /* ViewController.h */ = {isa = PBXFileReference; lastKnownFileType = sourcecode.c.h; path = ViewController.h; sourceTree = "<group>"; };
		0E25F391269B393400C0C218 /* ViewController.m */ = {isa = PBXFileReference; lastKnownFileType = sourcecode.c.objc; path = ViewController.m; sourceTree = "<group>"; };
		0E25F394269B393400C0C218 /* Base */ = {isa = PBXFileReference; lastKnownFileType = file.storyboard; name = Base; path = Base.lproj/Main.storyboard; sourceTree = "<group>"; };
		0E25F396269B393700C0C218 /* Assets.xcassets */ = {isa = PBXFileReference; lastKnownFileType = folder.assetcatalog; path = Assets.xcassets; sourceTree = "<group>"; };
		0E25F399269B393700C0C218 /* Base */ = {isa = PBXFileReference; lastKnownFileType = file.storyboard; name = Base; path = Base.lproj/LaunchScreen.storyboard; sourceTree = "<group>"; };
		0E25F39B269B393700C0C218 /* Info.plist */ = {isa = PBXFileReference; lastKnownFileType = text.plist.xml; path = Info.plist; sourceTree = "<group>"; };
		0E25F39C269B393700C0C218 /* main.m */ = {isa = PBXFileReference; lastKnownFileType = sourcecode.c.objc; path = main.m; sourceTree = "<group>"; };
		0E25F3A2269B393700C0C218 /* HybirdDemoTests.xctest */ = {isa = PBXFileReference; explicitFileType = wrapper.cfbundle; includeInIndex = 0; path = HybirdDemoTests.xctest; sourceTree = BUILT_PRODUCTS_DIR; };
		0E25F3A6269B393700C0C218 /* HybirdDemoTests.m */ = {isa = PBXFileReference; lastKnownFileType = sourcecode.c.objc; path = HybirdDemoTests.m; sourceTree = "<group>"; };
		0E25F3A8269B393700C0C218 /* Info.plist */ = {isa = PBXFileReference; lastKnownFileType = text.plist.xml; path = Info.plist; sourceTree = "<group>"; };
		0E25F3AD269B393700C0C218 /* HybirdDemoUITests.xctest */ = {isa = PBXFileReference; explicitFileType = wrapper.cfbundle; includeInIndex = 0; path = HybirdDemoUITests.xctest; sourceTree = BUILT_PRODUCTS_DIR; };
		0E25F3B1269B393700C0C218 /* HybirdDemoUITests.m */ = {isa = PBXFileReference; lastKnownFileType = sourcecode.c.objc; path = HybirdDemoUITests.m; sourceTree = "<group>"; };
		0E25F3B3269B393700C0C218 /* Info.plist */ = {isa = PBXFileReference; lastKnownFileType = text.plist.xml; path = Info.plist; sourceTree = "<group>"; };
		828472C19C6EAB801917B7AF /* libPods-HybirdDemo.a */ = {isa = PBXFileReference; explicitFileType = archive.ar; includeInIndex = 0; path = "libPods-HybirdDemo.a"; sourceTree = BUILT_PRODUCTS_DIR; };
		A8302EF5269EFC6A002295B8 /* BoostDelegate.h */ = {isa = PBXFileReference; lastKnownFileType = sourcecode.c.h; path = BoostDelegate.h; sourceTree = "<group>"; };
		A8302EF6269EFC6A002295B8 /* BoostDelegate.m */ = {isa = PBXFileReference; lastKnownFileType = sourcecode.c.objc; path = BoostDelegate.m; sourceTree = "<group>"; };
		BF30ED1AD1D60592AD2AB1E0 /* Pods-HybirdDemo.debug.xcconfig */ = {isa = PBXFileReference; includeInIndex = 1; lastKnownFileType = text.xcconfig; name = "Pods-HybirdDemo.debug.xcconfig"; path = "Target Support Files/Pods-HybirdDemo/Pods-HybirdDemo.debug.xcconfig"; sourceTree = "<group>"; };
		C56A298F896C779DEFA62530 /* Pods-HybirdDemo.release.xcconfig */ = {isa = PBXFileReference; includeInIndex = 1; lastKnownFileType = text.xcconfig; name = "Pods-HybirdDemo.release.xcconfig"; path = "Target Support Files/Pods-HybirdDemo/Pods-HybirdDemo.release.xcconfig"; sourceTree = "<group>"; };
/* End PBXFileReference section */

/* Begin PBXFrameworksBuildPhase section */
		0E25F384269B393400C0C218 /* Frameworks */ = {
			isa = PBXFrameworksBuildPhase;
			buildActionMask = 2147483647;
			files = (
				C281A332C58ED0EE8D806B5A /* libPods-HybirdDemo.a in Frameworks */,
			);
			runOnlyForDeploymentPostprocessing = 0;
		};
		0E25F39F269B393700C0C218 /* Frameworks */ = {
			isa = PBXFrameworksBuildPhase;
			buildActionMask = 2147483647;
			files = (
			);
			runOnlyForDeploymentPostprocessing = 0;
		};
		0E25F3AA269B393700C0C218 /* Frameworks */ = {
			isa = PBXFrameworksBuildPhase;
			buildActionMask = 2147483647;
			files = (
			);
			runOnlyForDeploymentPostprocessing = 0;
		};
/* End PBXFrameworksBuildPhase section */

/* Begin PBXGroup section */
		0E25F37E269B393400C0C218 = {
			isa = PBXGroup;
			children = (
				0E25F389269B393400C0C218 /* HybirdDemo */,
				0E25F3A5269B393700C0C218 /* HybirdDemoTests */,
				0E25F3B0269B393700C0C218 /* HybirdDemoUITests */,
				0E25F388269B393400C0C218 /* Products */,
				4D643B786082C38D57FCC476 /* Pods */,
				3B5D6A66F9167CE91A6272A1 /* Frameworks */,
			);
			sourceTree = "<group>";
		};
		0E25F388269B393400C0C218 /* Products */ = {
			isa = PBXGroup;
			children = (
				0E25F387269B393400C0C218 /* HybirdDemo.app */,
				0E25F3A2269B393700C0C218 /* HybirdDemoTests.xctest */,
				0E25F3AD269B393700C0C218 /* HybirdDemoUITests.xctest */,
			);
			name = Products;
			sourceTree = "<group>";
		};
		0E25F389269B393400C0C218 /* HybirdDemo */ = {
			isa = PBXGroup;
			children = (
				A8302F39269FC08D002295B8 /* Category */,
				A8302EBE269C2DCF002295B8 /* FlutterRouter */,
				0E25F38A269B393400C0C218 /* AppDelegate.h */,
				0E25F38B269B393400C0C218 /* AppDelegate.m */,
				0E25F38D269B393400C0C218 /* SceneDelegate.h */,
				0E25F38E269B393400C0C218 /* SceneDelegate.m */,
				0E25F390269B393400C0C218 /* ViewController.h */,
				0E25F391269B393400C0C218 /* ViewController.m */,
				0E25F393269B393400C0C218 /* Main.storyboard */,
				0E25F396269B393700C0C218 /* Assets.xcassets */,
				0E25F398269B393700C0C218 /* LaunchScreen.storyboard */,
				0E25F39B269B393700C0C218 /* Info.plist */,
				0E25F39C269B393700C0C218 /* main.m */,
			);
			path = HybirdDemo;
			sourceTree = "<group>";
		};
		0E25F3A5269B393700C0C218 /* HybirdDemoTests */ = {
			isa = PBXGroup;
			children = (
				0E25F3A6269B393700C0C218 /* HybirdDemoTests.m */,
				0E25F3A8269B393700C0C218 /* Info.plist */,
			);
			path = HybirdDemoTests;
			sourceTree = "<group>";
		};
		0E25F3B0269B393700C0C218 /* HybirdDemoUITests */ = {
			isa = PBXGroup;
			children = (
				0E25F3B1269B393700C0C218 /* HybirdDemoUITests.m */,
				0E25F3B3269B393700C0C218 /* Info.plist */,
			);
			path = HybirdDemoUITests;
			sourceTree = "<group>";
		};
		3B5D6A66F9167CE91A6272A1 /* Frameworks */ = {
			isa = PBXGroup;
			children = (
				828472C19C6EAB801917B7AF /* libPods-HybirdDemo.a */,
			);
			name = Frameworks;
			sourceTree = "<group>";
		};
		4D643B786082C38D57FCC476 /* Pods */ = {
			isa = PBXGroup;
			children = (
				BF30ED1AD1D60592AD2AB1E0 /* Pods-HybirdDemo.debug.xcconfig */,
				C56A298F896C779DEFA62530 /* Pods-HybirdDemo.release.xcconfig */,
			);
			path = Pods;
			sourceTree = "<group>";
		};
		A8302EBE269C2DCF002295B8 /* FlutterRouter */ = {
			isa = PBXGroup;
			children = (
				A8302EF5269EFC6A002295B8 /* BoostDelegate.h */,
				A8302EF6269EFC6A002295B8 /* BoostDelegate.m */,
			);
			path = FlutterRouter;
			sourceTree = "<group>";
		};
		A8302F39269FC08D002295B8 /* Category */ = {
			isa = PBXGroup;
			children = (
				A8302F3A269FC09C002295B8 /* UICategory */,
			);
			path = Category;
			sourceTree = "<group>";
		};
		A8302F3A269FC09C002295B8 /* UICategory */ = {
			isa = PBXGroup;
			children = (
			);
			path = UICategory;
			sourceTree = "<group>";
		};
/* End PBXGroup section */

/* Begin PBXNativeTarget section */
		0E25F386269B393400C0C218 /* HybirdDemo */ = {
			isa = PBXNativeTarget;
			buildConfigurationList = 0E25F3B6269B393700C0C218 /* Build configuration list for PBXNativeTarget "HybirdDemo" */;
			buildPhases = (
				1600F35AE71022CC97AA0901 /* [CP] Check Pods Manifest.lock */,
				1B7DBAB7B147EEB6C28633DF /* [CP-User] Run Flutter Build flutter_module_demo Script */,
				0E25F383269B393400C0C218 /* Sources */,
				0E25F384269B393400C0C218 /* Frameworks */,
				0E25F385269B393400C0C218 /* Resources */,
				9019B6BAF8BE4676EAAD8835 /* [CP] Embed Pods Frameworks */,
			);
			buildRules = (
			);
			dependencies = (
			);
			name = HybirdDemo;
			productName = HybirdDemo;
			productReference = 0E25F387269B393400C0C218 /* HybirdDemo.app */;
			productType = "com.apple.product-type.application";
		};
		0E25F3A1269B393700C0C218 /* HybirdDemoTests */ = {
			isa = PBXNativeTarget;
			buildConfigurationList = 0E25F3B9269B393700C0C218 /* Build configuration list for PBXNativeTarget "HybirdDemoTests" */;
			buildPhases = (
				0E25F39E269B393700C0C218 /* Sources */,
				0E25F39F269B393700C0C218 /* Frameworks */,
				0E25F3A0269B393700C0C218 /* Resources */,
			);
			buildRules = (
			);
			dependencies = (
				0E25F3A4269B393700C0C218 /* PBXTargetDependency */,
			);
			name = HybirdDemoTests;
			productName = HybirdDemoTests;
			productReference = 0E25F3A2269B393700C0C218 /* HybirdDemoTests.xctest */;
			productType = "com.apple.product-type.bundle.unit-test";
		};
		0E25F3AC269B393700C0C218 /* HybirdDemoUITests */ = {
			isa = PBXNativeTarget;
			buildConfigurationList = 0E25F3BC269B393700C0C218 /* Build configuration list for PBXNativeTarget "HybirdDemoUITests" */;
			buildPhases = (
				0E25F3A9269B393700C0C218 /* Sources */,
				0E25F3AA269B393700C0C218 /* Frameworks */,
				0E25F3AB269B393700C0C218 /* Resources */,
			);
			buildRules = (
			);
			dependencies = (
				0E25F3AF269B393700C0C218 /* PBXTargetDependency */,
			);
			name = HybirdDemoUITests;
			productName = HybirdDemoUITests;
			productReference = 0E25F3AD269B393700C0C218 /* HybirdDemoUITests.xctest */;
			productType = "com.apple.product-type.bundle.ui-testing";
		};
/* End PBXNativeTarget section */

/* Begin PBXProject section */
		0E25F37F269B393400C0C218 /* Project object */ = {
			isa = PBXProject;
			attributes = {
				LastUpgradeCheck = 1240;
				TargetAttributes = {
					0E25F386269B393400C0C218 = {
						CreatedOnToolsVersion = 12.4;
					};
					0E25F3A1269B393700C0C218 = {
						CreatedOnToolsVersion = 12.4;
						TestTargetID = 0E25F386269B393400C0C218;
					};
					0E25F3AC269B393700C0C218 = {
						CreatedOnToolsVersion = 12.4;
						TestTargetID = 0E25F386269B393400C0C218;
					};
				};
			};
			buildConfigurationList = 0E25F382269B393400C0C218 /* Build configuration list for PBXProject "HybirdDemo" */;
			compatibilityVersion = "Xcode 9.3";
			developmentRegion = en;
			hasScannedForEncodings = 0;
			knownRegions = (
				en,
				Base,
			);
			mainGroup = 0E25F37E269B393400C0C218;
			productRefGroup = 0E25F388269B393400C0C218 /* Products */;
			projectDirPath = "";
			projectRoot = "";
			targets = (
				0E25F386269B393400C0C218 /* HybirdDemo */,
				0E25F3A1269B393700C0C218 /* HybirdDemoTests */,
				0E25F3AC269B393700C0C218 /* HybirdDemoUITests */,
			);
		};
/* End PBXProject section */

/* Begin PBXResourcesBuildPhase section */
		0E25F385269B393400C0C218 /* Resources */ = {
			isa = PBXResourcesBuildPhase;
			buildActionMask = 2147483647;
			files = (
				0E25F39A269B393700C0C218 /* LaunchScreen.storyboard in Resources */,
				0E25F397269B393700C0C218 /* Assets.xcassets in Resources */,
				0E25F395269B393400C0C218 /* Main.storyboard in Resources */,
			);
			runOnlyForDeploymentPostprocessing = 0;
		};
		0E25F3A0269B393700C0C218 /* Resources */ = {
			isa = PBXResourcesBuildPhase;
			buildActionMask = 2147483647;
			files = (
			);
			runOnlyForDeploymentPostprocessing = 0;
		};
		0E25F3AB269B393700C0C218 /* Resources */ = {
			isa = PBXResourcesBuildPhase;
			buildActionMask = 2147483647;
			files = (
			);
			runOnlyForDeploymentPostprocessing = 0;
		};
/* End PBXResourcesBuildPhase section */

/* Begin PBXShellScriptBuildPhase section */
		1600F35AE71022CC97AA0901 /* [CP] Check Pods Manifest.lock */ = {
			isa = PBXShellScriptBuildPhase;
			buildActionMask = 2147483647;
			files = (
			);
			inputFileListPaths = (
			);
			inputPaths = (
				"${PODS_PODFILE_DIR_PATH}/Podfile.lock",
				"${PODS_ROOT}/Manifest.lock",
			);
			name = "[CP] Check Pods Manifest.lock";
			outputFileListPaths = (
			);
			outputPaths = (
				"$(DERIVED_FILE_DIR)/Pods-HybirdDemo-checkManifestLockResult.txt",
			);
			runOnlyForDeploymentPostprocessing = 0;
			shellPath = /bin/sh;
			shellScript = "diff \"${PODS_PODFILE_DIR_PATH}/Podfile.lock\" \"${PODS_ROOT}/Manifest.lock\" > /dev/null\nif [ $? != 0 ] ; then\n    # print error to STDERR\n    echo \"error: The sandbox is not in sync with the Podfile.lock. Run 'pod install' or update your CocoaPods installation.\" >&2\n    exit 1\nfi\n# This output is used by Xcode 'outputs' to avoid re-running this script phase.\necho \"SUCCESS\" > \"${SCRIPT_OUTPUT_FILE_0}\"\n";
			showEnvVarsInLog = 0;
		};
		1B7DBAB7B147EEB6C28633DF /* [CP-User] Run Flutter Build flutter_module_demo Script */ = {
			isa = PBXShellScriptBuildPhase;
			buildActionMask = 2147483647;
			files = (
			);
			name = "[CP-User] Run Flutter Build flutter_module_demo Script";
			runOnlyForDeploymentPostprocessing = 0;
			shellPath = /bin/sh;
			shellScript = "set -e\nset -u\nsource \"${SRCROOT}/../flutter_module_demo/.ios/Flutter/flutter_export_environment.sh\"\nexport VERBOSE_SCRIPT_LOGGING=1 && \"$FLUTTER_ROOT\"/packages/flutter_tools/bin/xcode_backend.sh build\n";
		};
		9019B6BAF8BE4676EAAD8835 /* [CP] Embed Pods Frameworks */ = {
			isa = PBXShellScriptBuildPhase;
			buildActionMask = 2147483647;
			files = (
			);
			inputFileListPaths = (
				"${PODS_ROOT}/Target Support Files/Pods-HybirdDemo/Pods-HybirdDemo-frameworks-${CONFIGURATION}-input-files.xcfilelist",
			);
			name = "[CP] Embed Pods Frameworks";
			outputFileListPaths = (
				"${PODS_ROOT}/Target Support Files/Pods-HybirdDemo/Pods-HybirdDemo-frameworks-${CONFIGURATION}-output-files.xcfilelist",
			);
			runOnlyForDeploymentPostprocessing = 0;
			shellPath = /bin/sh;
			shellScript = "\"${PODS_ROOT}/Target Support Files/Pods-HybirdDemo/Pods-HybirdDemo-frameworks.sh\"\n";
			showEnvVarsInLog = 0;
		};
/* End PBXShellScriptBuildPhase section */

/* Begin PBXSourcesBuildPhase section */
		0E25F383269B393400C0C218 /* Sources */ = {
			isa = PBXSourcesBuildPhase;
			buildActionMask = 2147483647;
			files = (
				A8302EF7269EFC6A002295B8 /* BoostDelegate.m in Sources */,
				0E25F392269B393400C0C218 /* ViewController.m in Sources */,
				0E25F38C269B393400C0C218 /* AppDelegate.m in Sources */,
				0E25F39D269B393700C0C218 /* main.m in Sources */,
				0E25F38F269B393400C0C218 /* SceneDelegate.m in Sources */,
			);
			runOnlyForDeploymentPostprocessing = 0;
		};
		0E25F39E269B393700C0C218 /* Sources */ = {
			isa = PBXSourcesBuildPhase;
			buildActionMask = 2147483647;
			files = (
				0E25F3A7269B393700C0C218 /* HybirdDemoTests.m in Sources */,
			);
			runOnlyForDeploymentPostprocessing = 0;
		};
		0E25F3A9269B393700C0C218 /* Sources */ = {
			isa = PBXSourcesBuildPhase;
			buildActionMask = 2147483647;
			files = (
				0E25F3B2269B393700C0C218 /* HybirdDemoUITests.m in Sources */,
			);
			runOnlyForDeploymentPostprocessing = 0;
		};
/* End PBXSourcesBuildPhase section */

/* Begin PBXTargetDependency section */
		0E25F3A4269B393700C0C218 /* PBXTargetDependency */ = {
			isa = PBXTargetDependency;
			target = 0E25F386269B393400C0C218 /* HybirdDemo */;
			targetProxy = 0E25F3A3269B393700C0C218 /* PBXContainerItemProxy */;
		};
		0E25F3AF269B393700C0C218 /* PBXTargetDependency */ = {
			isa = PBXTargetDependency;
			target = 0E25F386269B393400C0C218 /* HybirdDemo */;
			targetProxy = 0E25F3AE269B393700C0C218 /* PBXContainerItemProxy */;
		};
/* End PBXTargetDependency section */

/* Begin PBXVariantGroup section */
		0E25F393269B393400C0C218 /* Main.storyboard */ = {
			isa = PBXVariantGroup;
			children = (
				0E25F394269B393400C0C218 /* Base */,
			);
			name = Main.storyboard;
			sourceTree = "<group>";
		};
		0E25F398269B393700C0C218 /* LaunchScreen.storyboard */ = {
			isa = PBXVariantGroup;
			children = (
				0E25F399269B393700C0C218 /* Base */,
			);
			name = LaunchScreen.storyboard;
			sourceTree = "<group>";
		};
/* End PBXVariantGroup section */

/* Begin XCBuildConfiguration section */
		0E25F3B4269B393700C0C218 /* Debug */ = {
			isa = XCBuildConfiguration;
			buildSettings = {
				ALWAYS_SEARCH_USER_PATHS = NO;
				CLANG_ANALYZER_NONNULL = YES;
				CLANG_ANALYZER_NUMBER_OBJECT_CONVERSION = YES_AGGRESSIVE;
				CLANG_CXX_LANGUAGE_STANDARD = "gnu++14";
				CLANG_CXX_LIBRARY = "libc++";
				CLANG_ENABLE_MODULES = YES;
				CLANG_ENABLE_OBJC_ARC = YES;
				CLANG_ENABLE_OBJC_WEAK = YES;
				CLANG_WARN_BLOCK_CAPTURE_AUTORELEASING = YES;
				CLANG_WARN_BOOL_CONVERSION = YES;
				CLANG_WARN_COMMA = YES;
				CLANG_WARN_CONSTANT_CONVERSION = YES;
				CLANG_WARN_DEPRECATED_OBJC_IMPLEMENTATIONS = YES;
				CLANG_WARN_DIRECT_OBJC_ISA_USAGE = YES_ERROR;
				CLANG_WARN_DOCUMENTATION_COMMENTS = YES;
				CLANG_WARN_EMPTY_BODY = YES;
				CLANG_WARN_ENUM_CONVERSION = YES;
				CLANG_WARN_INFINITE_RECURSION = YES;
				CLANG_WARN_INT_CONVERSION = YES;
				CLANG_WARN_NON_LITERAL_NULL_CONVERSION = YES;
				CLANG_WARN_OBJC_IMPLICIT_RETAIN_SELF = YES;
				CLANG_WARN_OBJC_LITERAL_CONVERSION = YES;
				CLANG_WARN_OBJC_ROOT_CLASS = YES_ERROR;
				CLANG_WARN_QUOTED_INCLUDE_IN_FRAMEWORK_HEADER = YES;
				CLANG_WARN_RANGE_LOOP_ANALYSIS = YES;
				CLANG_WARN_STRICT_PROTOTYPES = YES;
				CLANG_WARN_SUSPICIOUS_MOVE = YES;
				CLANG_WARN_UNGUARDED_AVAILABILITY = YES_AGGRESSIVE;
				CLANG_WARN_UNREACHABLE_CODE = YES;
				CLANG_WARN__DUPLICATE_METHOD_MATCH = YES;
				COPY_PHASE_STRIP = NO;
				DEBUG_INFORMATION_FORMAT = dwarf;
				ENABLE_STRICT_OBJC_MSGSEND = YES;
				ENABLE_TESTABILITY = YES;
				GCC_C_LANGUAGE_STANDARD = gnu11;
				GCC_DYNAMIC_NO_PIC = NO;
				GCC_NO_COMMON_BLOCKS = YES;
				GCC_OPTIMIZATION_LEVEL = 0;
				GCC_PREPROCESSOR_DEFINITIONS = (
					"DEBUG=1",
					"$(inherited)",
				);
				GCC_WARN_64_TO_32_BIT_CONVERSION = YES;
				GCC_WARN_ABOUT_RETURN_TYPE = YES_ERROR;
				GCC_WARN_UNDECLARED_SELECTOR = YES;
				GCC_WARN_UNINITIALIZED_AUTOS = YES_AGGRESSIVE;
				GCC_WARN_UNUSED_FUNCTION = YES;
				GCC_WARN_UNUSED_VARIABLE = YES;
				IPHONEOS_DEPLOYMENT_TARGET = 14.4;
				MTL_ENABLE_DEBUG_INFO = INCLUDE_SOURCE;
				MTL_FAST_MATH = YES;
				ONLY_ACTIVE_ARCH = YES;
				SDKROOT = iphoneos;
			};
			name = Debug;
		};
		0E25F3B5269B393700C0C218 /* Release */ = {
			isa = XCBuildConfiguration;
			buildSettings = {
				ALWAYS_SEARCH_USER_PATHS = NO;
				CLANG_ANALYZER_NONNULL = YES;
				CLANG_ANALYZER_NUMBER_OBJECT_CONVERSION = YES_AGGRESSIVE;
				CLANG_CXX_LANGUAGE_STANDARD = "gnu++14";
				CLANG_CXX_LIBRARY = "libc++";
				CLANG_ENABLE_MODULES = YES;
				CLANG_ENABLE_OBJC_ARC = YES;
				CLANG_ENABLE_OBJC_WEAK = YES;
				CLANG_WARN_BLOCK_CAPTURE_AUTORELEASING = YES;
				CLANG_WARN_BOOL_CONVERSION = YES;
				CLANG_WARN_COMMA = YES;
				CLANG_WARN_CONSTANT_CONVERSION = YES;
				CLANG_WARN_DEPRECATED_OBJC_IMPLEMENTATIONS = YES;
				CLANG_WARN_DIRECT_OBJC_ISA_USAGE = YES_ERROR;
				CLANG_WARN_DOCUMENTATION_COMMENTS = YES;
				CLANG_WARN_EMPTY_BODY = YES;
				CLANG_WARN_ENUM_CONVERSION = YES;
				CLANG_WARN_INFINITE_RECURSION = YES;
				CLANG_WARN_INT_CONVERSION = YES;
				CLANG_WARN_NON_LITERAL_NULL_CONVERSION = YES;
				CLANG_WARN_OBJC_IMPLICIT_RETAIN_SELF = YES;
				CLANG_WARN_OBJC_LITERAL_CONVERSION = YES;
				CLANG_WARN_OBJC_ROOT_CLASS = YES_ERROR;
				CLANG_WARN_QUOTED_INCLUDE_IN_FRAMEWORK_HEADER = YES;
				CLANG_WARN_RANGE_LOOP_ANALYSIS = YES;
				CLANG_WARN_STRICT_PROTOTYPES = YES;
				CLANG_WARN_SUSPICIOUS_MOVE = YES;
				CLANG_WARN_UNGUARDED_AVAILABILITY = YES_AGGRESSIVE;
				CLANG_WARN_UNREACHABLE_CODE = YES;
				CLANG_WARN__DUPLICATE_METHOD_MATCH = YES;
				COPY_PHASE_STRIP = NO;
				DEBUG_INFORMATION_FORMAT = "dwarf-with-dsym";
				ENABLE_NS_ASSERTIONS = NO;
				ENABLE_STRICT_OBJC_MSGSEND = YES;
				GCC_C_LANGUAGE_STANDARD = gnu11;
				GCC_NO_COMMON_BLOCKS = YES;
				GCC_WARN_64_TO_32_BIT_CONVERSION = YES;
				GCC_WARN_ABOUT_RETURN_TYPE = YES_ERROR;
				GCC_WARN_UNDECLARED_SELECTOR = YES;
				GCC_WARN_UNINITIALIZED_AUTOS = YES_AGGRESSIVE;
				GCC_WARN_UNUSED_FUNCTION = YES;
				GCC_WARN_UNUSED_VARIABLE = YES;
				IPHONEOS_DEPLOYMENT_TARGET = 14.4;
				MTL_ENABLE_DEBUG_INFO = NO;
				MTL_FAST_MATH = YES;
				SDKROOT = iphoneos;
				VALIDATE_PRODUCT = YES;
			};
			name = Release;
		};
		0E25F3B7269B393700C0C218 /* Debug */ = {
			isa = XCBuildConfiguration;
			baseConfigurationReference = BF30ED1AD1D60592AD2AB1E0 /* Pods-HybirdDemo.debug.xcconfig */;
			buildSettings = {
				ASSETCATALOG_COMPILER_APPICON_NAME = AppIcon;
				ASSETCATALOG_COMPILER_GLOBAL_ACCENT_COLOR_NAME = AccentColor;
				CODE_SIGN_STYLE = Automatic;
				DEVELOPMENT_TEAM = 25N5P54R62;
				INFOPLIST_FILE = HybirdDemo/Info.plist;
				LD_RUNPATH_SEARCH_PATHS = (
					"$(inherited)",
					"@executable_path/Frameworks",
				);
				PRODUCT_BUNDLE_IDENTIFIER = com.bosera.HybirdDemo;
				PRODUCT_NAME = "$(TARGET_NAME)";
				TARGETED_DEVICE_FAMILY = "1,2";
			};
			name = Debug;
		};
		0E25F3B8269B393700C0C218 /* Release */ = {
			isa = XCBuildConfiguration;
			baseConfigurationReference = C56A298F896C779DEFA62530 /* Pods-HybirdDemo.release.xcconfig */;
			buildSettings = {
				ASSETCATALOG_COMPILER_APPICON_NAME = AppIcon;
				ASSETCATALOG_COMPILER_GLOBAL_ACCENT_COLOR_NAME = AccentColor;
				CODE_SIGN_STYLE = Automatic;
				DEVELOPMENT_TEAM = 25N5P54R62;
				INFOPLIST_FILE = HybirdDemo/Info.plist;
				LD_RUNPATH_SEARCH_PATHS = (
					"$(inherited)",
					"@executable_path/Frameworks",
				);
				PRODUCT_BUNDLE_IDENTIFIER = com.bosera.HybirdDemo;
				PRODUCT_NAME = "$(TARGET_NAME)";
				TARGETED_DEVICE_FAMILY = "1,2";
			};
			name = Release;
		};
		0E25F3BA269B393700C0C218 /* Debug */ = {
			isa = XCBuildConfiguration;
			buildSettings = {
				BUNDLE_LOADER = "$(TEST_HOST)";
				CODE_SIGN_STYLE = Automatic;
				DEVELOPMENT_TEAM = 25N5P54R62;
				INFOPLIST_FILE = HybirdDemoTests/Info.plist;
				IPHONEOS_DEPLOYMENT_TARGET = 14.4;
				LD_RUNPATH_SEARCH_PATHS = (
					"$(inherited)",
					"@executable_path/Frameworks",
					"@loader_path/Frameworks",
				);
				PRODUCT_BUNDLE_IDENTIFIER = com.bosera.HybirdDemoTests;
				PRODUCT_NAME = "$(TARGET_NAME)";
				TARGETED_DEVICE_FAMILY = "1,2";
				TEST_HOST = "$(BUILT_PRODUCTS_DIR)/HybirdDemo.app/HybirdDemo";
			};
			name = Debug;
		};
		0E25F3BB269B393700C0C218 /* Release */ = {
			isa = XCBuildConfiguration;
			buildSettings = {
				BUNDLE_LOADER = "$(TEST_HOST)";
				CODE_SIGN_STYLE = Automatic;
				DEVELOPMENT_TEAM = 25N5P54R62;
				INFOPLIST_FILE = HybirdDemoTests/Info.plist;
				IPHONEOS_DEPLOYMENT_TARGET = 14.4;
				LD_RUNPATH_SEARCH_PATHS = (
					"$(inherited)",
					"@executable_path/Frameworks",
					"@loader_path/Frameworks",
				);
				PRODUCT_BUNDLE_IDENTIFIER = com.bosera.HybirdDemoTests;
				PRODUCT_NAME = "$(TARGET_NAME)";
				TARGETED_DEVICE_FAMILY = "1,2";
				TEST_HOST = "$(BUILT_PRODUCTS_DIR)/HybirdDemo.app/HybirdDemo";
			};
			name = Release;
		};
		0E25F3BD269B393700C0C218 /* Debug */ = {
			isa = XCBuildConfiguration;
			buildSettings = {
				CODE_SIGN_STYLE = Automatic;
				DEVELOPMENT_TEAM = 25N5P54R62;
				INFOPLIST_FILE = HybirdDemoUITests/Info.plist;
				LD_RUNPATH_SEARCH_PATHS = (
					"$(inherited)",
					"@executable_path/Frameworks",
					"@loader_path/Frameworks",
				);
				PRODUCT_BUNDLE_IDENTIFIER = com.bosera.HybirdDemoUITests;
				PRODUCT_NAME = "$(TARGET_NAME)";
				TARGETED_DEVICE_FAMILY = "1,2";
				TEST_TARGET_NAME = HybirdDemo;
			};
			name = Debug;
		};
		0E25F3BE269B393700C0C218 /* Release */ = {
			isa = XCBuildConfiguration;
			buildSettings = {
				CODE_SIGN_STYLE = Automatic;
				DEVELOPMENT_TEAM = 25N5P54R62;
				INFOPLIST_FILE = HybirdDemoUITests/Info.plist;
				LD_RUNPATH_SEARCH_PATHS = (
					"$(inherited)",
					"@executable_path/Frameworks",
					"@loader_path/Frameworks",
				);
				PRODUCT_BUNDLE_IDENTIFIER = com.bosera.HybirdDemoUITests;
				PRODUCT_NAME = "$(TARGET_NAME)";
				TARGETED_DEVICE_FAMILY = "1,2";
				TEST_TARGET_NAME = HybirdDemo;
			};
			name = Release;
		};
/* End XCBuildConfiguration section */

/* Begin XCConfigurationList section */
		0E25F382269B393400C0C218 /* Build configuration list for PBXProject "HybirdDemo" */ = {
			isa = XCConfigurationList;
			buildConfigurations = (
				0E25F3B4269B393700C0C218 /* Debug */,
				0E25F3B5269B393700C0C218 /* Release */,
			);
			defaultConfigurationIsVisible = 0;
			defaultConfigurationName = Release;
		};
		0E25F3B6269B393700C0C218 /* Build configuration list for PBXNativeTarget "HybirdDemo" */ = {
			isa = XCConfigurationList;
			buildConfigurations = (
				0E25F3B7269B393700C0C218 /* Debug */,
				0E25F3B8269B393700C0C218 /* Release */,
			);
			defaultConfigurationIsVisible = 0;
			defaultConfigurationName = Release;
		};
		0E25F3B9269B393700C0C218 /* Build configuration list for PBXNativeTarget "HybirdDemoTests" */ = {
			isa = XCConfigurationList;
			buildConfigurations = (
				0E25F3BA269B393700C0C218 /* Debug */,
				0E25F3BB269B393700C0C218 /* Release */,
			);
			defaultConfigurationIsVisible = 0;
			defaultConfigurationName = Release;
		};
		0E25F3BC269B393700C0C218 /* Build configuration list for PBXNativeTarget "HybirdDemoUITests" */ = {
			isa = XCConfigurationList;
			buildConfigurations = (
				0E25F3BD269B393700C0C218 /* Debug */,
				0E25F3BE269B393700C0C218 /* Release */,
			);
			defaultConfigurationIsVisible = 0;
			defaultConfigurationName = Release;
		};
/* End XCConfigurationList section */
	};
	rootObject = 0E25F37F269B393400C0C218 /* Project object */;
}
